
Microsoft Visual Studio Solution File, Format Version 12.00
# Visual Studio 15
VisualStudioVersion = 15.0.28307.421
MinimumVisualStudioVersion = 10.0.40219.1
Project("{9A19103F-16F7-4668-BE54-9A1E7A4F7556}") = "com.apthai.APTimeStamp", "com.apthai.APTimeStamp.csproj", "{BD514E3D-D275-4882-9FB3-64538441A7A5}"
EndProject
Global
	GlobalSection(SolutionConfigurationPlatforms) = preSolution
		Debug|Any CPU = Debug|Any CPU
		Release|Any CPU = Release|Any CPU
	EndGlobalSection
	GlobalSection(ProjectConfigurationPlatforms) = postSolution
		{BD514E3D-D275-4882-9FB3-64538441A7A5}.Debug|Any CPU.ActiveCfg = Debug|Any CPU
		{BD514E3D-D275-4882-9FB3-64538441A7A5}.Debug|Any CPU.Build.0 = Debug|Any CPU
		{BD514E3D-D275-4882-9FB3-64538441A7A5}.Release|Any CPU.ActiveCfg = Release|Any CPU
		{BD514E3D-D275-4882-9FB3-64538441A7A5}.Release|Any CPU.Build.0 = Release|Any CPU
	EndGlobalSection
	GlobalSection(SolutionProperties) = preSolution
		HideSolutionNode = FALSE
	EndGlobalSection
	GlobalSection(ExtensibilityGlobals) = postSolution
		SolutionGuid = {D2E43BCC-3ABA-437F-83F4-5F34DF906346}
	EndGlobalSection
EndGlobal
